
Microsoft Visual Studio Solution File, Format Version 12.00
# Visual Studio Version 16
VisualStudioVersion = 16.0.30104.148
MinimumVisualStudioVersion = 10.0.40219.1
Project("{8BC9CEB8-8B4A-11D0-8D11-00A0C91BC942}") = "Lab4", "Lab4\Lab4.vcxproj", "{F5C68E27-1DFC-4089-A593-DF16B4AA680F}"
EndProject
Project("{8BC9CEB8-8B4A-11D0-8D11-00A0C91BC942}") = "HCIProject", "HCIProject\HCIProject.vcxproj", "{61B9B738-2382-4FBD-B2C7-936063D4D39B}"
EndProject
Global
	GlobalSection(SolutionConfigurationPlatforms) = preSolution
		Debug|x64 = Debug|x64
		Debug|x86 = Debug|x86
		Release|x64 = Release|x64
		Release|x86 = Release|x86
	EndGlobalSection
	GlobalSection(ProjectConfigurationPlatforms) = postSolution
		{F5C68E27-1DFC-4089-A593-DF16B4AA680F}.Debug|x64.ActiveCfg = Debug|x64
		{F5C68E27-1DFC-4089-A593-DF16B4AA680F}.Debug|x64.Build.0 = Debug|x64
		{F5C68E27-1DFC-4089-A593-DF16B4AA680F}.Debug|x86.ActiveCfg = Debug|Win32
		{F5C68E27-1DFC-4089-A593-DF16B4AA680F}.Debug|x86.Build.0 = Debug|Win32
		{F5C68E27-1DFC-4089-A593-DF16B4AA680F}.Release|x64.ActiveCfg = Release|x64
		{F5C68E27-1DFC-4089-A593-DF16B4AA680F}.Release|x64.Build.0 = Release|x64
		{F5C68E27-1DFC-4089-A593-DF16B4AA680F}.Release|x86.ActiveCfg = Release|Win32
		{F5C68E27-1DFC-4089-A593-DF16B4AA680F}.Release|x86.Build.0 = Release|Win32
		{61B9B738-2382-4FBD-B2C7-936063D4D39B}.Debug|x64.ActiveCfg = Debug|x64
		{61B9B738-2382-4FBD-B2C7-936063D4D39B}.Debug|x64.Build.0 = Debug|x64
		{61B9B738-2382-4FBD-B2C7-936063D4D39B}.Debug|x86.ActiveCfg = Debug|Win32
		{61B9B738-2382-4FBD-B2C7-936063D4D39B}.Debug|x86.Build.0 = Debug|Win32
		{61B9B738-2382-4FBD-B2C7-936063D4D39B}.Release|x64.ActiveCfg = Release|x64
		{61B9B738-2382-4FBD-B2C7-936063D4D39B}.Release|x64.Build.0 = Release|x64
		{61B9B738-2382-4FBD-B2C7-936063D4D39B}.Release|x86.ActiveCfg = Release|Win32
		{61B9B738-2382-4FBD-B2C7-936063D4D39B}.Release|x86.Build.0 = Release|Win32
	EndGlobalSection
	GlobalSection(SolutionProperties) = preSolution
		HideSolutionNode = FALSE
	EndGlobalSection
	GlobalSection(ExtensibilityGlobals) = postSolution
		SolutionGuid = {CC37643B-904C-4E5F-91F4-098DA610FA28}
	EndGlobalSection
EndGlobal
